
Microsoft Visual Studio Solution File, Format Version 12.00
# Visual Studio Version 17
VisualStudioVersion = 17.8.34322.80
MinimumVisualStudioVersion = 10.0.40219.1
Project("{FAE04EC0-301F-11D3-BF4B-00C04F79EFBC}") = "DoAnWebBanTaiKhoan", "DoAnWebBanTaiKhoan\DoAnWebBanTaiKhoan.csproj", "{3B1A9DC8-5CB3-48E4-8C18-BB7CDA8C1E08}"
EndProject
Global
	GlobalSection(SolutionConfigurationPlatforms) = preSolution
		Debug|Any CPU = Debug|Any CPU
		Release|Any CPU = Release|Any CPU
	EndGlobalSection
	GlobalSection(ProjectConfigurationPlatforms) = postSolution
		{3B1A9DC8-5CB3-48E4-8C18-BB7CDA8C1E08}.Debug|Any CPU.ActiveCfg = Debug|Any CPU
		{3B1A9DC8-5CB3-48E4-8C18-BB7CDA8C1E08}.Debug|Any CPU.Build.0 = Debug|Any CPU
		{3B1A9DC8-5CB3-48E4-8C18-BB7CDA8C1E08}.Release|Any CPU.ActiveCfg = Release|Any CPU
		{3B1A9DC8-5CB3-48E4-8C18-BB7CDA8C1E08}.Release|Any CPU.Build.0 = Release|Any CPU
	EndGlobalSection
	GlobalSection(SolutionProperties) = preSolution
		HideSolutionNode = FALSE
	EndGlobalSection
	GlobalSection(ExtensibilityGlobals) = postSolution
		SolutionGuid = {66893D5D-89A4-417B-9420-A5FA26D2F6D7}
	EndGlobalSection
EndGlobal
